
Microsoft Visual Studio Solution File, Format Version 12.00
# Visual Studio Version 16
VisualStudioVersion = 16.0.31515.178
MinimumVisualStudioVersion = 10.0.40219.1
Project("{FAE04EC0-301F-11D3-BF4B-00C04F79EFBC}") = "Country", "Country\Country.csproj", "{303827E5-ADFF-4336-9DE5-B1B5AAA2484E}"
EndProject
Global
	GlobalSection(SolutionConfigurationPlatforms) = preSolution
		Debug|Any CPU = Debug|Any CPU
		Release|Any CPU = Release|Any CPU
	EndGlobalSection
	GlobalSection(ProjectConfigurationPlatforms) = postSolution
		{303827E5-ADFF-4336-9DE5-B1B5AAA2484E}.Debug|Any CPU.ActiveCfg = Debug|Any CPU
		{303827E5-ADFF-4336-9DE5-B1B5AAA2484E}.Debug|Any CPU.Build.0 = Debug|Any CPU
		{303827E5-ADFF-4336-9DE5-B1B5AAA2484E}.Release|Any CPU.ActiveCfg = Release|Any CPU
		{303827E5-ADFF-4336-9DE5-B1B5AAA2484E}.Release|Any CPU.Build.0 = Release|Any CPU
	EndGlobalSection
	GlobalSection(SolutionProperties) = preSolution
		HideSolutionNode = FALSE
	EndGlobalSection
	GlobalSection(ExtensibilityGlobals) = postSolution
		SolutionGuid = {D60A78E3-DB0B-494A-AADC-7C709934F95B}
	EndGlobalSection
EndGlobal
